
Microsoft Visual Studio Solution File, Format Version 12.00
# Visual Studio Version 16
VisualStudioVersion = 16.0.30002.166
MinimumVisualStudioVersion = 10.0.40219.1
Project("{9A19103F-16F7-4668-BE54-9A1E7A4F7556}") = "FoodOrderSystem.Domain", "src\FoodOrderSystem.Domain\FoodOrderSystem.Domain.csproj", "{7DD621AA-BEB4-478C-B066-8ED740D689FF}"
EndProject
Project("{9A19103F-16F7-4668-BE54-9A1E7A4F7556}") = "FoodOrderSystem.App", "src\FoodOrderSystem.App\FoodOrderSystem.App.csproj", "{00B578CE-7A6C-4212-823C-165A7693361E}"
EndProject
Project("{FAE04EC0-301F-11D3-BF4B-00C04F79EFBC}") = "FoodOrderSystem.Persistence.MongoDB", "src\FoodOrderSystem.Persistence.MongoDB\FoodOrderSystem.Persistence.MongoDB.csproj", "{8B170172-1B90-4CDD-A769-77F5344DDE6F}"
EndProject
Project("{FAE04EC0-301F-11D3-BF4B-00C04F79EFBC}") = "FoodOrderSystem.Persistence.MongoDB.Tests", "test\FoodOrderSystem.Persistence.MongoDB.Tests\FoodOrderSystem.Persistence.MongoDB.Tests.csproj", "{3C5D72DE-A15B-4759-BD26-39C2852BCC8D}"
EndProject
Project("{FAE04EC0-301F-11D3-BF4B-00C04F79EFBC}") = "FoodOrderSystem.Notification.Mailjet", "src\FoodOrderSystem.Notification.Mailjet\FoodOrderSystem.Notification.Mailjet.csproj", "{4B513002-7B1F-49BA-9D2E-52149BFA8A25}"
EndProject
Project("{FAE04EC0-301F-11D3-BF4B-00C04F79EFBC}") = "FoodOrderSystem.Template.DotLiquid", "src\FoodOrderSystem.Template.DotLiquid\FoodOrderSystem.Template.DotLiquid.csproj", "{A70BB570-6986-4557-9C05-CAB4C75994F2}"
EndProject
Project("{FAE04EC0-301F-11D3-BF4B-00C04F79EFBC}") = "FoodOrderSystem.Template.DotLiquid.Tests", "test\FoodOrderSystem.Template.DotLiquid.Tests\FoodOrderSystem.Template.DotLiquid.Tests.csproj", "{C35345EB-C10E-4F0B-902D-792C80A8C90F}"
EndProject
Project("{2150E333-8FDC-42A3-9474-1A3956D46DE8}") = "src", "src", "{FADF6549-FC27-40AB-8DBF-B185760560D9}"
EndProject
Project("{2150E333-8FDC-42A3-9474-1A3956D46DE8}") = "test", "test", "{F468EC0A-00FC-4B26-B729-858B21687576}"
EndProject
Global
	GlobalSection(SolutionConfigurationPlatforms) = preSolution
		Debug|Any CPU = Debug|Any CPU
		Release|Any CPU = Release|Any CPU
	EndGlobalSection
	GlobalSection(ProjectConfigurationPlatforms) = postSolution
		{7DD621AA-BEB4-478C-B066-8ED740D689FF}.Debug|Any CPU.ActiveCfg = Debug|Any CPU
		{7DD621AA-BEB4-478C-B066-8ED740D689FF}.Debug|Any CPU.Build.0 = Debug|Any CPU
		{7DD621AA-BEB4-478C-B066-8ED740D689FF}.Release|Any CPU.ActiveCfg = Release|Any CPU
		{7DD621AA-BEB4-478C-B066-8ED740D689FF}.Release|Any CPU.Build.0 = Release|Any CPU
		{00B578CE-7A6C-4212-823C-165A7693361E}.Debug|Any CPU.ActiveCfg = Debug|Any CPU
		{00B578CE-7A6C-4212-823C-165A7693361E}.Debug|Any CPU.Build.0 = Debug|Any CPU
		{00B578CE-7A6C-4212-823C-165A7693361E}.Release|Any CPU.ActiveCfg = Release|Any CPU
		{00B578CE-7A6C-4212-823C-165A7693361E}.Release|Any CPU.Build.0 = Release|Any CPU
		{8B170172-1B90-4CDD-A769-77F5344DDE6F}.Debug|Any CPU.ActiveCfg = Debug|Any CPU
		{8B170172-1B90-4CDD-A769-77F5344DDE6F}.Debug|Any CPU.Build.0 = Debug|Any CPU
		{8B170172-1B90-4CDD-A769-77F5344DDE6F}.Release|Any CPU.ActiveCfg = Release|Any CPU
		{8B170172-1B90-4CDD-A769-77F5344DDE6F}.Release|Any CPU.Build.0 = Release|Any CPU
		{3C5D72DE-A15B-4759-BD26-39C2852BCC8D}.Debug|Any CPU.ActiveCfg = Debug|Any CPU
		{3C5D72DE-A15B-4759-BD26-39C2852BCC8D}.Debug|Any CPU.Build.0 = Debug|Any CPU
		{3C5D72DE-A15B-4759-BD26-39C2852BCC8D}.Release|Any CPU.ActiveCfg = Release|Any CPU
		{3C5D72DE-A15B-4759-BD26-39C2852BCC8D}.Release|Any CPU.Build.0 = Release|Any CPU
		{4B513002-7B1F-49BA-9D2E-52149BFA8A25}.Debug|Any CPU.ActiveCfg = Debug|Any CPU
		{4B513002-7B1F-49BA-9D2E-52149BFA8A25}.Debug|Any CPU.Build.0 = Debug|Any CPU
		{4B513002-7B1F-49BA-9D2E-52149BFA8A25}.Release|Any CPU.ActiveCfg = Release|Any CPU
		{4B513002-7B1F-49BA-9D2E-52149BFA8A25}.Release|Any CPU.Build.0 = Release|Any CPU
		{A70BB570-6986-4557-9C05-CAB4C75994F2}.Debug|Any CPU.ActiveCfg = Debug|Any CPU
		{A70BB570-6986-4557-9C05-CAB4C75994F2}.Debug|Any CPU.Build.0 = Debug|Any CPU
		{A70BB570-6986-4557-9C05-CAB4C75994F2}.Release|Any CPU.ActiveCfg = Release|Any CPU
		{A70BB570-6986-4557-9C05-CAB4C75994F2}.Release|Any CPU.Build.0 = Release|Any CPU
		{C35345EB-C10E-4F0B-902D-792C80A8C90F}.Debug|Any CPU.ActiveCfg = Debug|Any CPU
		{C35345EB-C10E-4F0B-902D-792C80A8C90F}.Debug|Any CPU.Build.0 = Debug|Any CPU
		{C35345EB-C10E-4F0B-902D-792C80A8C90F}.Release|Any CPU.ActiveCfg = Release|Any CPU
		{C35345EB-C10E-4F0B-902D-792C80A8C90F}.Release|Any CPU.Build.0 = Release|Any CPU
	EndGlobalSection
	GlobalSection(SolutionProperties) = preSolution
		HideSolutionNode = FALSE
	EndGlobalSection
	GlobalSection(ExtensibilityGlobals) = postSolution
		SolutionGuid = {030DBEE1-CBC0-479C-B6CF-9144419D2108}
	EndGlobalSection
	GlobalSection(NestedProjects) = preSolution
		{00B578CE-7A6C-4212-823C-165A7693361E} = {FADF6549-FC27-40AB-8DBF-B185760560D9}
		{7DD621AA-BEB4-478C-B066-8ED740D689FF} = {FADF6549-FC27-40AB-8DBF-B185760560D9}
		{4B513002-7B1F-49BA-9D2E-52149BFA8A25} = {FADF6549-FC27-40AB-8DBF-B185760560D9}
		{8B170172-1B90-4CDD-A769-77F5344DDE6F} = {FADF6549-FC27-40AB-8DBF-B185760560D9}
		{A70BB570-6986-4557-9C05-CAB4C75994F2} = {FADF6549-FC27-40AB-8DBF-B185760560D9}
		{3C5D72DE-A15B-4759-BD26-39C2852BCC8D} = {F468EC0A-00FC-4B26-B729-858B21687576}
		{C35345EB-C10E-4F0B-902D-792C80A8C90F} = {F468EC0A-00FC-4B26-B729-858B21687576}
	EndGlobalSection
EndGlobal
