
Microsoft Visual Studio Solution File, Format Version 12.00
# Visual Studio Version 16
VisualStudioVersion = 16.0.30002.166
MinimumVisualStudioVersion = 10.0.40219.1
Project("{9A19103F-16F7-4668-BE54-9A1E7A4F7556}") = "Gastromio.Core", "src\Gastromio.Core\Gastromio.Core.csproj", "{7DD621AA-BEB4-478C-B066-8ED740D689FF}"
EndProject
Project("{9A19103F-16F7-4668-BE54-9A1E7A4F7556}") = "Gastromio.App", "src\Gastromio.App\Gastromio.App.csproj", "{00B578CE-7A6C-4212-823C-165A7693361E}"
EndProject
Project("{FAE04EC0-301F-11D3-BF4B-00C04F79EFBC}") = "Gastromio.Persistence.MongoDB", "src\Gastromio.Persistence.MongoDB\Gastromio.Persistence.MongoDB.csproj", "{8B170172-1B90-4CDD-A769-77F5344DDE6F}"
EndProject
Project("{FAE04EC0-301F-11D3-BF4B-00C04F79EFBC}") = "Gastromio.Persistence.MongoDB.Tests", "test\Gastromio.Persistence.MongoDB.Tests\Gastromio.Persistence.MongoDB.Tests.csproj", "{3C5D72DE-A15B-4759-BD26-39C2852BCC8D}"
EndProject
Project("{FAE04EC0-301F-11D3-BF4B-00C04F79EFBC}") = "Gastromio.Notification.Mailjet", "src\Gastromio.Notification.Mailjet\Gastromio.Notification.Mailjet.csproj", "{4B513002-7B1F-49BA-9D2E-52149BFA8A25}"
EndProject
Project("{FAE04EC0-301F-11D3-BF4B-00C04F79EFBC}") = "Gastromio.Template.DotLiquid", "src\Gastromio.Template.DotLiquid\Gastromio.Template.DotLiquid.csproj", "{A70BB570-6986-4557-9C05-CAB4C75994F2}"
EndProject
Project("{FAE04EC0-301F-11D3-BF4B-00C04F79EFBC}") = "Gastromio.Template.DotLiquid.Tests", "test\Gastromio.Template.DotLiquid.Tests\Gastromio.Template.DotLiquid.Tests.csproj", "{C35345EB-C10E-4F0B-902D-792C80A8C90F}"
EndProject
Project("{2150E333-8FDC-42A3-9474-1A3956D46DE8}") = "src", "src", "{FADF6549-FC27-40AB-8DBF-B185760560D9}"
EndProject
Project("{2150E333-8FDC-42A3-9474-1A3956D46DE8}") = "test", "test", "{F468EC0A-00FC-4B26-B729-858B21687576}"
EndProject
Project("{FAE04EC0-301F-11D3-BF4B-00C04F79EFBC}") = "Gastromio.Domain.Tests", "test\Gastromio.Domain.Tests\Gastromio.Domain.Tests.csproj", "{E5678086-E8A1-4885-8700-A72652C5C7FA}"
EndProject
Project("{FAE04EC0-301F-11D3-BF4B-00C04F79EFBC}") = "Gastromio.Notification.Smtp", "src\Gastromio.Notification.Smtp\Gastromio.Notification.Smtp.csproj", "{A31B855F-072F-488A-BBBE-63EE3DF0DB55}"
EndProject
Project("{FAE04EC0-301F-11D3-BF4B-00C04F79EFBC}") = "Gastromio.Notification.Mailjet.Tests", "test\Gastromio.Notification.Mailjet.Tests\Gastromio.Notification.Mailjet.Tests.csproj", "{B8276A19-CA64-4809-A5A9-DAB173EFF016}"
EndProject
Project("{FAE04EC0-301F-11D3-BF4B-00C04F79EFBC}") = "Gastromio.Domain.TestKit", "test\Gastromio.Domain.TestKit\Gastromio.Domain.TestKit.csproj", "{88E26607-76EA-4F88-824B-4FD20EBE3AE3}"
EndProject
Project("{FAE04EC0-301F-11D3-BF4B-00C04F79EFBC}") = "Gastromio.Notification.Sms77", "src\Gastromio.Notification.Sms77\Gastromio.Notification.Sms77.csproj", "{3D59FDFD-FEF3-40A7-B280-8CCFB3E9233E}"
EndProject
Project("{FAE04EC0-301F-11D3-BF4B-00C04F79EFBC}") = "Gastromio.Notification.Sms77.Tests", "test\Gastromio.Notification.Sms77.Tests\Gastromio.Notification.Sms77.Tests.csproj", "{DBB1E76B-EAFB-49B6-B211-8560EB0EF905}"
EndProject
Global
	GlobalSection(SolutionConfigurationPlatforms) = preSolution
		Debug|Any CPU = Debug|Any CPU
		Release|Any CPU = Release|Any CPU
	EndGlobalSection
	GlobalSection(ProjectConfigurationPlatforms) = postSolution
		{7DD621AA-BEB4-478C-B066-8ED740D689FF}.Debug|Any CPU.ActiveCfg = Debug|Any CPU
		{7DD621AA-BEB4-478C-B066-8ED740D689FF}.Debug|Any CPU.Build.0 = Debug|Any CPU
		{7DD621AA-BEB4-478C-B066-8ED740D689FF}.Release|Any CPU.ActiveCfg = Release|Any CPU
		{7DD621AA-BEB4-478C-B066-8ED740D689FF}.Release|Any CPU.Build.0 = Release|Any CPU
		{00B578CE-7A6C-4212-823C-165A7693361E}.Debug|Any CPU.ActiveCfg = Debug|Any CPU
		{00B578CE-7A6C-4212-823C-165A7693361E}.Debug|Any CPU.Build.0 = Debug|Any CPU
		{00B578CE-7A6C-4212-823C-165A7693361E}.Release|Any CPU.ActiveCfg = Release|Any CPU
		{00B578CE-7A6C-4212-823C-165A7693361E}.Release|Any CPU.Build.0 = Release|Any CPU
		{8B170172-1B90-4CDD-A769-77F5344DDE6F}.Debug|Any CPU.ActiveCfg = Debug|Any CPU
		{8B170172-1B90-4CDD-A769-77F5344DDE6F}.Debug|Any CPU.Build.0 = Debug|Any CPU
		{8B170172-1B90-4CDD-A769-77F5344DDE6F}.Release|Any CPU.ActiveCfg = Release|Any CPU
		{8B170172-1B90-4CDD-A769-77F5344DDE6F}.Release|Any CPU.Build.0 = Release|Any CPU
		{3C5D72DE-A15B-4759-BD26-39C2852BCC8D}.Debug|Any CPU.ActiveCfg = Debug|Any CPU
		{3C5D72DE-A15B-4759-BD26-39C2852BCC8D}.Debug|Any CPU.Build.0 = Debug|Any CPU
		{3C5D72DE-A15B-4759-BD26-39C2852BCC8D}.Release|Any CPU.ActiveCfg = Release|Any CPU
		{3C5D72DE-A15B-4759-BD26-39C2852BCC8D}.Release|Any CPU.Build.0 = Release|Any CPU
		{4B513002-7B1F-49BA-9D2E-52149BFA8A25}.Debug|Any CPU.ActiveCfg = Debug|Any CPU
		{4B513002-7B1F-49BA-9D2E-52149BFA8A25}.Debug|Any CPU.Build.0 = Debug|Any CPU
		{4B513002-7B1F-49BA-9D2E-52149BFA8A25}.Release|Any CPU.ActiveCfg = Release|Any CPU
		{4B513002-7B1F-49BA-9D2E-52149BFA8A25}.Release|Any CPU.Build.0 = Release|Any CPU
		{A70BB570-6986-4557-9C05-CAB4C75994F2}.Debug|Any CPU.ActiveCfg = Debug|Any CPU
		{A70BB570-6986-4557-9C05-CAB4C75994F2}.Debug|Any CPU.Build.0 = Debug|Any CPU
		{A70BB570-6986-4557-9C05-CAB4C75994F2}.Release|Any CPU.ActiveCfg = Release|Any CPU
		{A70BB570-6986-4557-9C05-CAB4C75994F2}.Release|Any CPU.Build.0 = Release|Any CPU
		{C35345EB-C10E-4F0B-902D-792C80A8C90F}.Debug|Any CPU.ActiveCfg = Debug|Any CPU
		{C35345EB-C10E-4F0B-902D-792C80A8C90F}.Debug|Any CPU.Build.0 = Debug|Any CPU
		{C35345EB-C10E-4F0B-902D-792C80A8C90F}.Release|Any CPU.ActiveCfg = Release|Any CPU
		{C35345EB-C10E-4F0B-902D-792C80A8C90F}.Release|Any CPU.Build.0 = Release|Any CPU
		{E5678086-E8A1-4885-8700-A72652C5C7FA}.Debug|Any CPU.ActiveCfg = Debug|Any CPU
		{E5678086-E8A1-4885-8700-A72652C5C7FA}.Debug|Any CPU.Build.0 = Debug|Any CPU
		{E5678086-E8A1-4885-8700-A72652C5C7FA}.Release|Any CPU.ActiveCfg = Release|Any CPU
		{E5678086-E8A1-4885-8700-A72652C5C7FA}.Release|Any CPU.Build.0 = Release|Any CPU
		{A31B855F-072F-488A-BBBE-63EE3DF0DB55}.Debug|Any CPU.ActiveCfg = Debug|Any CPU
		{A31B855F-072F-488A-BBBE-63EE3DF0DB55}.Debug|Any CPU.Build.0 = Debug|Any CPU
		{A31B855F-072F-488A-BBBE-63EE3DF0DB55}.Release|Any CPU.ActiveCfg = Release|Any CPU
		{A31B855F-072F-488A-BBBE-63EE3DF0DB55}.Release|Any CPU.Build.0 = Release|Any CPU
		{B8276A19-CA64-4809-A5A9-DAB173EFF016}.Debug|Any CPU.ActiveCfg = Debug|Any CPU
		{B8276A19-CA64-4809-A5A9-DAB173EFF016}.Debug|Any CPU.Build.0 = Debug|Any CPU
		{B8276A19-CA64-4809-A5A9-DAB173EFF016}.Release|Any CPU.ActiveCfg = Release|Any CPU
		{B8276A19-CA64-4809-A5A9-DAB173EFF016}.Release|Any CPU.Build.0 = Release|Any CPU
		{88E26607-76EA-4F88-824B-4FD20EBE3AE3}.Debug|Any CPU.ActiveCfg = Debug|Any CPU
		{88E26607-76EA-4F88-824B-4FD20EBE3AE3}.Debug|Any CPU.Build.0 = Debug|Any CPU
		{88E26607-76EA-4F88-824B-4FD20EBE3AE3}.Release|Any CPU.ActiveCfg = Release|Any CPU
		{88E26607-76EA-4F88-824B-4FD20EBE3AE3}.Release|Any CPU.Build.0 = Release|Any CPU
		{3D59FDFD-FEF3-40A7-B280-8CCFB3E9233E}.Debug|Any CPU.ActiveCfg = Debug|Any CPU
		{3D59FDFD-FEF3-40A7-B280-8CCFB3E9233E}.Debug|Any CPU.Build.0 = Debug|Any CPU
		{3D59FDFD-FEF3-40A7-B280-8CCFB3E9233E}.Release|Any CPU.ActiveCfg = Release|Any CPU
		{3D59FDFD-FEF3-40A7-B280-8CCFB3E9233E}.Release|Any CPU.Build.0 = Release|Any CPU
		{DBB1E76B-EAFB-49B6-B211-8560EB0EF905}.Debug|Any CPU.ActiveCfg = Debug|Any CPU
		{DBB1E76B-EAFB-49B6-B211-8560EB0EF905}.Debug|Any CPU.Build.0 = Debug|Any CPU
		{DBB1E76B-EAFB-49B6-B211-8560EB0EF905}.Release|Any CPU.ActiveCfg = Release|Any CPU
		{DBB1E76B-EAFB-49B6-B211-8560EB0EF905}.Release|Any CPU.Build.0 = Release|Any CPU
	EndGlobalSection
	GlobalSection(SolutionProperties) = preSolution
		HideSolutionNode = FALSE
	EndGlobalSection
	GlobalSection(ExtensibilityGlobals) = postSolution
		SolutionGuid = {030DBEE1-CBC0-479C-B6CF-9144419D2108}
	EndGlobalSection
	GlobalSection(NestedProjects) = preSolution
		{00B578CE-7A6C-4212-823C-165A7693361E} = {FADF6549-FC27-40AB-8DBF-B185760560D9}
		{7DD621AA-BEB4-478C-B066-8ED740D689FF} = {FADF6549-FC27-40AB-8DBF-B185760560D9}
		{4B513002-7B1F-49BA-9D2E-52149BFA8A25} = {FADF6549-FC27-40AB-8DBF-B185760560D9}
		{8B170172-1B90-4CDD-A769-77F5344DDE6F} = {FADF6549-FC27-40AB-8DBF-B185760560D9}
		{A70BB570-6986-4557-9C05-CAB4C75994F2} = {FADF6549-FC27-40AB-8DBF-B185760560D9}
		{3C5D72DE-A15B-4759-BD26-39C2852BCC8D} = {F468EC0A-00FC-4B26-B729-858B21687576}
		{C35345EB-C10E-4F0B-902D-792C80A8C90F} = {F468EC0A-00FC-4B26-B729-858B21687576}
		{E5678086-E8A1-4885-8700-A72652C5C7FA} = {F468EC0A-00FC-4B26-B729-858B21687576}
		{A31B855F-072F-488A-BBBE-63EE3DF0DB55} = {FADF6549-FC27-40AB-8DBF-B185760560D9}
		{B8276A19-CA64-4809-A5A9-DAB173EFF016} = {F468EC0A-00FC-4B26-B729-858B21687576}
		{88E26607-76EA-4F88-824B-4FD20EBE3AE3} = {F468EC0A-00FC-4B26-B729-858B21687576}
		{3D59FDFD-FEF3-40A7-B280-8CCFB3E9233E} = {FADF6549-FC27-40AB-8DBF-B185760560D9}
		{DBB1E76B-EAFB-49B6-B211-8560EB0EF905} = {F468EC0A-00FC-4B26-B729-858B21687576}
	EndGlobalSection
EndGlobal
