{
  "requires": true,
  "lockfileVersion": 1,
  "dependencies": {
    "codyhouse-framework": {
      "version": "2.7.6",
      "resolved": "https://registry.npmjs.org/codyhouse-framework/-/codyhouse-framework-2.7.6.tgz",
      "integrity": "sha512-dq20oAzt8CSg0L/7dBGgulwRNYCr/pOqmnW45snZTMKZMIW5GvRMI9j8z6X0hB89RFqgYs+fz22zplrY28WeeA=="
    }
  }
}
